# This file is automatically @generated by Cargo.
# It is not intended for manual editing.
version = 3

[[package]]
name = "adventofcode_lmh01_lib"
version = "1.1.0"
source = "git+https://github.com/LMH01/adventofcode_lmh01_lib.git#9f949e4adeaa426f138bd06d2beaa0640fbbe600"

[[package]]
name = "aoc_2021_day4_part1"
version = "0.1.0"
dependencies = [
 "adventofcode_lmh01_lib",
]
