# This file is automatically @generated by Cargo.
# It is not intended for manual editing.
version = 3

[[package]]
name = "adventofcode_lmh01_lib"
version = "1.0.0"
source = "git+https://github.com/LMH01/adventofcode_lmh01_lib.git#4c7501def69a7908dd0f0a6a78979c61ca367462"

[[package]]
name = "aoc_2021_day2_part2"
version = "0.1.0"
dependencies = [
 "adventofcode_lmh01_lib",
]
