# This file is automatically @generated by Cargo.
# It is not intended for manual editing.
version = 3

[[package]]
name = "advent_of_code_2021"
version = "0.1.0"
dependencies = [
 "adventofcode_lmh01_lib",
]

[[package]]
name = "adventofcode_lmh01_lib"
version = "1.3.1"
source = "git+https://github.com/LMH01/adventofcode_lmh01_lib.git#93a6d6f01e167be9941620ddf342585f7d88749d"
